Microsoft Visual Studio Solution File, Format Version 7.00
Project("{FAE04EC0-301F-11D3-BF4B-00C04F79EFBC}") = "lp", "lp.csproj", "{A4B288CC-3791-4D00-8198-3BEB141BC528}"
EndProject
Global
	GlobalSection(SolutionConfiguration) = preSolution
		ConfigName.0 = Debug
		ConfigName.1 = Release
	EndGlobalSection
	GlobalSection(ProjectDependencies) = postSolution
	EndGlobalSection
	GlobalSection(ProjectConfiguration) = postSolution
		{A4B288CC-3791-4D00-8198-3BEB141BC528}.Debug.ActiveCfg = Debug|.NET
		{A4B288CC-3791-4D00-8198-3BEB141BC528}.Debug.Build.0 = Debug|.NET
		{A4B288CC-3791-4D00-8198-3BEB141BC528}.Release.ActiveCfg = Release|.NET
		{A4B288CC-3791-4D00-8198-3BEB141BC528}.Release.Build.0 = Release|.NET
	EndGlobalSection
	GlobalSection(ExtensibilityGlobals) = postSolution
	EndGlobalSection
	GlobalSection(ExtensibilityAddIns) = postSolution
	EndGlobalSection
EndGlobal
